
Microsoft Visual Studio Solution File, Format Version 12.00
# Visual Studio 14
VisualStudioVersion = 14.0.23107.0
MinimumVisualStudioVersion = 10.0.40219.1
Project("{FAE04EC0-301F-11D3-BF4B-00C04F79EFBC}") = "sd sync client", "sd sync client\sd sync client.csproj", "{3DBACA7E-0B6A-4CE0-B62F-BE614CFA1D78}"
EndProject
Project("{54435603-DBB4-11D2-8724-00A0C9A8B90C}") = "sd_setup", "sd_setup\sd_setup.vdproj", "{B9D1BC53-0F25-4BC2-967D-6E1BB3E9D63E}"
EndProject
Project("{FAE04EC0-301F-11D3-BF4B-00C04F79EFBC}") = "LogWriterService", "..\LogWriterService\LogWriterService\LogWriterService.csproj", "{5C30FD36-461B-43DC-BD8F-AB3B7BC1E741}"
EndProject
Global
	GlobalSection(SolutionConfigurationPlatforms) = preSolution
		Debug|Any CPU = Debug|Any CPU
		Release|Any CPU = Release|Any CPU
	EndGlobalSection
	GlobalSection(ProjectConfigurationPlatforms) = postSolution
		{3DBACA7E-0B6A-4CE0-B62F-BE614CFA1D78}.Debug|Any CPU.ActiveCfg = Debug|Any CPU
		{3DBACA7E-0B6A-4CE0-B62F-BE614CFA1D78}.Debug|Any CPU.Build.0 = Debug|Any CPU
		{3DBACA7E-0B6A-4CE0-B62F-BE614CFA1D78}.Release|Any CPU.ActiveCfg = Release|Any CPU
		{3DBACA7E-0B6A-4CE0-B62F-BE614CFA1D78}.Release|Any CPU.Build.0 = Release|Any CPU
		{B9D1BC53-0F25-4BC2-967D-6E1BB3E9D63E}.Debug|Any CPU.ActiveCfg = Debug
		{B9D1BC53-0F25-4BC2-967D-6E1BB3E9D63E}.Release|Any CPU.ActiveCfg = Release
		{5C30FD36-461B-43DC-BD8F-AB3B7BC1E741}.Debug|Any CPU.ActiveCfg = Debug|Any CPU
		{5C30FD36-461B-43DC-BD8F-AB3B7BC1E741}.Debug|Any CPU.Build.0 = Debug|Any CPU
		{5C30FD36-461B-43DC-BD8F-AB3B7BC1E741}.Release|Any CPU.ActiveCfg = Release|Any CPU
		{5C30FD36-461B-43DC-BD8F-AB3B7BC1E741}.Release|Any CPU.Build.0 = Release|Any CPU
	EndGlobalSection
	GlobalSection(SolutionProperties) = preSolution
		HideSolutionNode = FALSE
	EndGlobalSection
EndGlobal
